Microsoft Visual Studio Solution File, Format Version 12.00
# Visual Studio Version 17
VisualStudioVersion = 17.5.2.0
MinimumVisualStudioVersion = 10.0.40219.1
Project("{FAE04EC0-301F-11D3-BF4B-00C04F79EFBC}") = "CloudQA.Tests", "CloudQA.Tests\CloudQA.Tests.csproj", "{87BA5433-8F9F-0494-2D98-57B3CA9F272E}"
EndProject
Global
	GlobalSection(SolutionConfigurationPlatforms) = preSolution
		Debug|Any CPU = Debug|Any CPU
		Release|Any CPU = Release|Any CPU
	EndGlobalSection
	GlobalSection(ProjectConfigurationPlatforms) = postSolution
		{87BA5433-8F9F-0494-2D98-57B3CA9F272E}.Debug|Any CPU.ActiveCfg = Debug|Any CPU
		{87BA5433-8F9F-0494-2D98-57B3CA9F272E}.Debug|Any CPU.Build.0 = Debug|Any CPU
		{87BA5433-8F9F-0494-2D98-57B3CA9F272E}.Release|Any CPU.ActiveCfg = Release|Any CPU
		{87BA5433-8F9F-0494-2D98-57B3CA9F272E}.Release|Any CPU.Build.0 = Release|Any CPU
	EndGlobalSection
	GlobalSection(SolutionProperties) = preSolution
		HideSolutionNode = FALSE
	EndGlobalSection
	GlobalSection(ExtensibilityGlobals) = postSolution
		SolutionGuid = {2D90EEB6-7A6F-4C87-8819-8CD9071DCA2D}
	EndGlobalSection
EndGlobal
